<?xml version="1.0" encoding="utf-8"?>
<Project ToolsVersion="4.0" xmlns="http://schemas.microsoft.com/developer/msbuild/2003">
  <ItemGroup>
    <Filter Include="src">
      <UniqueIdentifier>{5df5282b-7c49-4663-bd77-c1ab62ca9612}</UniqueIdentifier>
    </Filter>
    <Filter Include="include">
      <UniqueIdentifier>{df16dd3e-55c0-497c-be9f-3ae2d34d0e99}</UniqueIdentifier>
    </Filter>
    <Filter Include="include\Reindeer">
      <UniqueIdentifier>{b0af6f7a-e359-4ed9-acb8-aa2e0e2a395a}</UniqueIdentifier>
    </Filter>
  </ItemGroup>
  <ItemGroup>
    <ClCompile Include="..\src\Canvas.cpp">
      <Filter>src</Filter>
    </ClCompile>
    <ClCompile Include="..\src\Common.cpp">
      <Filter>src</Filter>
    </ClCompile>
    <ClCompile Include="..\src\GL.cpp">
      <Filter>src</Filter>
    </ClCompile>
    <ClCompile Include="..\src\MaskNone.cpp">
      <Filter>src</Filter>
    </ClCompile>
    <ClCompile Include="..\src\MaskSolid.cpp">
      <Filter>src</Filter>
    </ClCompile>
    <ClCompile Include="..\src\MaskTexture.cpp">
      <Filter>src</Filter>
    </ClCompile>
    <ClCompile Include="..\src\SourceTexture.cpp">
      <Filter>src</Filter>
    </ClCompile>
    <ClCompile Include="..\src\SourceSolid.cpp">
      <Filter>src</Filter>
    </ClCompile>
    <ClCompile Include="..\src\ContentSerializer.cpp">
      <Filter>src</Filter>
    </ClCompile>
    <ClCompile Include="..\src\Layer.cpp">
      <Filter>src</Filter>
    </ClCompile>
    <ClCompile Include="..\src\LayerContext.cpp">
      <Filter>src</Filter>
    </ClCompile>
  </ItemGroup>
  <ItemGroup>
    <ClInclude Include="..\src\Common.hpp">
      <Filter>src</Filter>
    </ClInclude>
    <ClInclude Include="..\src\CompositeCanvas.hpp">
      <Filter>src</Filter>
    </ClInclude>
    <ClInclude Include="..\src\MaskTexture.hpp">
      <Filter>src</Filter>
    </ClInclude>
    <ClInclude Include="..\src\SourceTexture.hpp">
      <Filter>src</Filter>
    </ClInclude>
    <ClInclude Include="..\src\MaskNone.hpp">
      <Filter>src</Filter>
    </ClInclude>
    <ClInclude Include="..\include\Reindeer\Color.hpp">
      <Filter>include\Reindeer</Filter>
    </ClInclude>
    <ClInclude Include="..\include\Reindeer\Canvas.hpp">
      <Filter>include\Reindeer</Filter>
    </ClInclude>
    <ClInclude Include="..\src\SourceSolid.hpp">
      <Filter>src</Filter>
    </ClInclude>
    <ClInclude Include="..\src\MaskSolid.hpp">
      <Filter>src</Filter>
    </ClInclude>
    <ClInclude Include="..\src\Object.hpp">
      <Filter>src</Filter>
    </ClInclude>
    <ClInclude Include="..\src\CanvasFriend.hpp">
      <Filter>src</Filter>
    </ClInclude>
    <ClInclude Include="..\src\GL.hpp">
      <Filter>src</Filter>
    </ClInclude>
    <ClInclude Include="..\include\Reindeer\Reindeer.hpp">
      <Filter>include\Reindeer</Filter>
    </ClInclude>
    <ClInclude Include="..\src\ContentSerializer.hpp">
      <Filter>src</Filter>
    </ClInclude>
    <ClInclude Include="..\src\Layer.hpp">
      <Filter>src</Filter>
    </ClInclude>
    <ClInclude Include="..\include\Reindeer\Layer.hpp">
      <Filter>include\Reindeer</Filter>
    </ClInclude>
    <ClInclude Include="..\include\Reindeer\LayerContext.hpp">
      <Filter>include\Reindeer</Filter>
    </ClInclude>
  </ItemGroup>
</Project>