<?xml version="1.0" encoding="utf-8"?>
<Project ToolsVersion="4.0" xmlns="http://schemas.microsoft.com/developer/msbuild/2003">
  <ItemGroup>
    <Filter Include="src">
      <UniqueIdentifier>{5df5282b-7c49-4663-bd77-c1ab62ca9612}</UniqueIdentifier>
    </Filter>
    <Filter Include="include">
      <UniqueIdentifier>{df16dd3e-55c0-497c-be9f-3ae2d34d0e99}</UniqueIdentifier>
    </Filter>
  </ItemGroup>
  <ItemGroup>
    <ClCompile Include="..\src\main.cpp">
      <Filter>src</Filter>
    </ClCompile>
  </ItemGroup>
  <ItemGroup>
    <ClInclude Include="..\include\Reindeer\Canvas.hpp">
      <Filter>include</Filter>
    </ClInclude>
    <ClInclude Include="..\src\Common.hpp">
      <Filter>src</Filter>
    </ClInclude>
    <ClInclude Include="..\src\CompositeCanvas.hpp">
      <Filter>src</Filter>
    </ClInclude>
    <ClInclude Include="..\src\MaskTexture.hpp">
      <Filter>src</Filter>
    </ClInclude>
    <ClInclude Include="..\src\SourceTexture.hpp">
      <Filter>src</Filter>
    </ClInclude>
  </ItemGroup>
</Project>